{
  "name": "my-counter",
  "version": "0.0.1",
  "lockfileVersion": 1,
  "requires": true,
  "dependencies": {
    "@stencil/core": {
      "version": "1.9.0-16",
      "resolved": "https://registry.npmjs.org/@stencil/core/-/core-1.9.0-16.tgz",
      "integrity": "sha512-l+51P8pwt7Hn8x9KjhTTvhvS9gZRdA9b4pW75ncqb4sPLz2nhGg4+YI1CDPujtI5oCy3EprSCklTJx6bD1llOA==",
      "dev": true,
      "requires": {
        "typescript": "3.7.5"
      }
    },
    "duplexer": {
      "version": "0.1.1",
      "resolved": "https://registry.npmjs.org/duplexer/-/duplexer-0.1.1.tgz",
      "integrity": "sha1-rOb/gIwc5mtX0ev5eXessCM0z8E=",
      "dev": true
    },
    "gzip-size": {
      "version": "5.1.1",
      "resolved": "https://registry.npmjs.org/gzip-size/-/gzip-size-5.1.1.tgz",
      "integrity": "sha512-FNHi6mmoHvs1mxZAds4PpdCS6QG8B4C1krxJsMutgxl5t3+GlRTzzI3NEkifXx2pVsOvJdOGSmIgDhQ55FwdPA==",
      "dev": true,
      "requires": {
        "duplexer": "^0.1.1",
        "pify": "^4.0.1"
      }
    },
    "pify": {
      "version": "4.0.1",
      "resolved": "https://registry.npmjs.org/pify/-/pify-4.0.1.tgz",
      "integrity": "sha512-uB80kBFb/tfd68bVleG9T5GGsGPjJrLAUpR5PZIrhBnIaRTQRjqdJSsIKkOP6OAIFbj7GOrcudc5pNjZ+geV2g==",
      "dev": true
    },
    "typescript": {
      "version": "3.7.5",
      "resolved": "https://registry.npmjs.org/typescript/-/typescript-3.7.5.tgz",
      "integrity": "sha512-/P5lkRXkWHNAbcJIiHPfRoKqyd7bsyCma1hZNUGfn20qm64T6ZBlrzprymeu918H+mB/0rIg2gGK/BXkhhYgBw==",
      "dev": true
    }
  }
}
